
Microsoft Visual Studio Solution File, Format Version 12.00
# Visual Studio Version 17
VisualStudioVersion = 17.11.35327.3
MinimumVisualStudioVersion = 10.0.40219.1
Project("{9A19103F-16F7-4668-BE54-9A1E7A4F7556}") = "TAVS02E1", "TAVS02E1 - Visual StudioAssignments\TAVS02E1.csproj", "{5F868EEA-1EFE-4EB8-B3B7-DD738C3EFC96}"
EndProject
Global
	GlobalSection(SolutionConfigurationPlatforms) = preSolution
		Debug|Any CPU = Debug|Any CPU
		Release|Any CPU = Release|Any CPU
	EndGlobalSection
	GlobalSection(ProjectConfigurationPlatforms) = postSolution
		{5F868EEA-1EFE-4EB8-B3B7-DD738C3EFC96}.Debug|Any CPU.ActiveCfg = Debug|Any CPU
		{5F868EEA-1EFE-4EB8-B3B7-DD738C3EFC96}.Debug|Any CPU.Build.0 = Debug|Any CPU
		{5F868EEA-1EFE-4EB8-B3B7-DD738C3EFC96}.Release|Any CPU.ActiveCfg = Release|Any CPU
		{5F868EEA-1EFE-4EB8-B3B7-DD738C3EFC96}.Release|Any CPU.Build.0 = Release|Any CPU
	EndGlobalSection
	GlobalSection(SolutionProperties) = preSolution
		HideSolutionNode = FALSE
	EndGlobalSection
	GlobalSection(ExtensibilityGlobals) = postSolution
		SolutionGuid = {60C1F5C2-8231-4145-9D05-BD9B321157A0}
	EndGlobalSection
EndGlobal
